{
  "name": "the-ielts-spells-frontend",
  "lockfileVersion": 3,
  "requires": true,
  "packages": {
    "": {
      "name": "the-ielts-spells-frontend",
      "dependencies": {
        "codex-monorepo": "github:openai/codex"
      }
    },
    "node_modules/codex-monorepo": {
      "resolved": "git+ssh://git@github.com/openai/codex.git#678157acaa819d5510adfe359abb5d0392cfe461",
      "engines": {
        "node": ">=22",
        "pnpm": ">=10.33.0"
      }
    }
  }
}
